// !$*UTF8*$!
{
	archiveVersion = 1;
	classes = {
	};
	objectVersion = 46;
	objects = {

/* Begin PBXBuildFile section */
		E118C99D1833BCC200C97E9D /* GDSAbstractEvent.h in Headers */ = {isa = PBXBuildFile; fileRef = E118C9831833BCC200C97E9D /* GDSAbstractEvent.h */; };
		E118C99E1833BCC200C97E9D /* GDSAbstractEvent.m in Sources */ = {isa = PBXBuildFile; fileRef = E118C9841833BCC200C97E9D /* GDSAbstractEvent.m */; };
		E118C99F1833BCC200C97E9D /* GDSAsyncResponder.h in Headers */ = {isa = PBXBuildFile; fileRef = E118C9851833BCC200C97E9D /* GDSAsyncResponder.h */; };
		E118C9A01833BCC200C97E9D /* GDSAsyncResponder.m in Sources */ = {isa = PBXBuildFile; fileRef = E118C9861833BCC200C97E9D /* GDSAsyncResponder.m */; };
		E118C9A11833BCC200C97E9D /* GDSAsyncToken.h in Headers */ = {isa = PBXBuildFile; fileRef = E118C9871833BCC200C97E9D /* GDSAsyncToken.h */; };
		E118C9A21833BCC200C97E9D /* GDSAsyncToken.m in Sources */ = {isa = PBXBuildFile; fileRef = E118C9881833BCC200C97E9D /* GDSAsyncToken.m */; };
		E118C9A31833BCC200C97E9D /* GDSChannel.h in Headers */ = {isa = PBXBuildFile; fileRef = E118C9891833BCC200C97E9D /* GDSChannel.h */; };
		E118C9A41833BCC200C97E9D /* GDSChannel.m in Sources */ = {isa = PBXBuildFile; fileRef = E118C98A1833BCC200C97E9D /* GDSChannel.m */; };
		E118C9A51833BCC200C97E9D /* GDSChannelNotification.h in Headers */ = {isa = PBXBuildFile; fileRef = E118C98B1833BCC200C97E9D /* GDSChannelNotification.h */; };
		E118C9A61833BCC200C97E9D /* GDSChannelNotification.m in Sources */ = {isa = PBXBuildFile; fileRef = E118C98C1833BCC200C97E9D /* GDSChannelNotification.m */; };
		E118C9A71833BCC200C97E9D /* GDSConfiguration.h in Headers */ = {isa = PBXBuildFile; fileRef = E118C98D1833BCC200C97E9D /* GDSConfiguration.h */; };
		E118C9A81833BCC200C97E9D /* GDSConfiguration.m in Sources */ = {isa = PBXBuildFile; fileRef = E118C98E1833BCC200C97E9D /* GDSConfiguration.m */; };
		E118C9A91833BCC200C97E9D /* GDSFaultEvent.h in Headers */ = {isa = PBXBuildFile; fileRef = E118C98F1833BCC200C97E9D /* GDSFaultEvent.h */; };
		E118C9AA1833BCC200C97E9D /* GDSFaultEvent.m in Sources */ = {isa = PBXBuildFile; fileRef = E118C9901833BCC200C97E9D /* GDSFaultEvent.m */; };
		E118C9AB1833BCC200C97E9D /* GDSPersistence.h in Headers */ = {isa = PBXBuildFile; fileRef = E118C9911833BCC200C97E9D /* GDSPersistence.h */; };
		E118C9AC1833BCC200C97E9D /* GDSPersistence.m in Sources */ = {isa = PBXBuildFile; fileRef = E118C9921833BCC200C97E9D /* GDSPersistence.m */; };
		E118C9AD1833BCC200C97E9D /* GDSRemoteObject.h in Headers */ = {isa = PBXBuildFile; fileRef = E118C9931833BCC200C97E9D /* GDSRemoteObject.h */; };
		E118C9AE1833BCC200C97E9D /* GDSRemoteObject.m in Sources */ = {isa = PBXBuildFile; fileRef = E118C9941833BCC200C97E9D /* GDSRemoteObject.m */; };
		E118C9AF1833BCC200C97E9D /* GDSRemoteProtocols.h in Headers */ = {isa = PBXBuildFile; fileRef = E118C9951833BCC200C97E9D /* GDSRemoteProtocols.h */; };
		E118C9B01833BCC200C97E9D /* GDSResultEvent.h in Headers */ = {isa = PBXBuildFile; fileRef = E118C9961833BCC200C97E9D /* GDSResultEvent.h */; };
		E118C9B11833BCC200C97E9D /* GDSResultEvent.m in Sources */ = {isa = PBXBuildFile; fileRef = E118C9971833BCC200C97E9D /* GDSResultEvent.m */; };
		E118C9B21833BCC200C97E9D /* GDSUtil.h in Headers */ = {isa = PBXBuildFile; fileRef = E118C9981833BCC200C97E9D /* GDSUtil.h */; };
		E118C9B31833BCC200C97E9D /* GDSUtil.m in Sources */ = {isa = PBXBuildFile; fileRef = E118C9991833BCC200C97E9D /* GDSUtil.m */; };
		E118C9B41833BCC200C97E9D /* GDSXAMFRequest.h in Headers */ = {isa = PBXBuildFile; fileRef = E118C99A1833BCC200C97E9D /* GDSXAMFRequest.h */; };
		E118C9B51833BCC200C97E9D /* GDSXAMFRequest.m in Sources */ = {isa = PBXBuildFile; fileRef = E118C99B1833BCC200C97E9D /* GDSXAMFRequest.m */; };
		E118C9B61833BCC200C97E9D /* GraniteDS.h in Headers */ = {isa = PBXBuildFile; fileRef = E118C99C1833BCC200C97E9D /* GraniteDS.h */; };
		E18CE4021518D54700C3BE94 /* Foundation.framework in Frameworks */ = {isa = PBXBuildFile; fileRef = E18CE4011518D54700C3BE94 /* Foundation.framework */; };
		E18CE4471518D7E900C3BE94 /* AMF.h in Sources */ = {isa = PBXBuildFile; fileRef = E18CE42A1518D7E900C3BE94 /* AMF.h */; };
		E18CE4481518D7E900C3BE94 /* AMF.m in Sources */ = {isa = PBXBuildFile; fileRef = E18CE42B1518D7E900C3BE94 /* AMF.m */; };
		E18CE4491518D7E900C3BE94 /* AMFActionMessage.h in Sources */ = {isa = PBXBuildFile; fileRef = E18CE42C1518D7E900C3BE94 /* AMFActionMessage.h */; };
		E18CE44A1518D7E900C3BE94 /* AMFActionMessage.m in Sources */ = {isa = PBXBuildFile; fileRef = E18CE42D1518D7E900C3BE94 /* AMFActionMessage.m */; };
		E18CE44B1518D7E900C3BE94 /* AMFArchiver.h in Sources */ = {isa = PBXBuildFile; fileRef = E18CE42E1518D7E900C3BE94 /* AMFArchiver.h */; };
		E18CE44C1518D7E900C3BE94 /* AMFArchiver.m in Sources */ = {isa = PBXBuildFile; fileRef = E18CE42F1518D7E900C3BE94 /* AMFArchiver.m */; };
		E18CE44D1518D7E900C3BE94 /* AMFDebugUnarchiver.h in Sources */ = {isa = PBXBuildFile; fileRef = E18CE4301518D7E900C3BE94 /* AMFDebugUnarchiver.h */; };
		E18CE44E1518D7E900C3BE94 /* AMFDebugUnarchiver.m in Sources */ = {isa = PBXBuildFile; fileRef = E18CE4311518D7E900C3BE94 /* AMFDebugUnarchiver.m */; };
		E18CE44F1518D7E900C3BE94 /* AMFDuplexGateway.h in Sources */ = {isa = PBXBuildFile; fileRef = E18CE4321518D7E900C3BE94 /* AMFDuplexGateway.h */; };
		E18CE4501518D7E900C3BE94 /* AMFDuplexGateway.m in Sources */ = {isa = PBXBuildFile; fileRef = E18CE4331518D7E900C3BE94 /* AMFDuplexGateway.m */; };
		E18CE4511518D7E900C3BE94 /* AMFGateway.h in Sources */ = {isa = PBXBuildFile; fileRef = E18CE4341518D7E900C3BE94 /* AMFGateway.h */; };
		E18CE4521518D7E900C3BE94 /* AMFGateway.m in Sources */ = {isa = PBXBuildFile; fileRef = E18CE4351518D7E900C3BE94 /* AMFGateway.m */; };
		E18CE4531518D7E900C3BE94 /* AMFRemotingCall.h in Sources */ = {isa = PBXBuildFile; fileRef = E18CE4361518D7E900C3BE94 /* AMFRemotingCall.h */; };
		E18CE4541518D7E900C3BE94 /* AMFRemotingCall.m in Sources */ = {isa = PBXBuildFile; fileRef = E18CE4371518D7E900C3BE94 /* AMFRemotingCall.m */; };
		E18CE4551518D7E900C3BE94 /* AMFUnarchiver.h in Sources */ = {isa = PBXBuildFile; fileRef = E18CE4381518D7E900C3BE94 /* AMFUnarchiver.h */; };
		E18CE4561518D7E900C3BE94 /* AMFUnarchiver.m in Sources */ = {isa = PBXBuildFile; fileRef = E18CE4391518D7E900C3BE94 /* AMFUnarchiver.m */; };
		E18CE4571518D7E900C3BE94 /* ASObject.h in Sources */ = {isa = PBXBuildFile; fileRef = E18CE43A1518D7E900C3BE94 /* ASObject.h */; };
		E18CE4581518D7E900C3BE94 /* ASObject.m in Sources */ = {isa = PBXBuildFile; fileRef = E18CE43B1518D7E900C3BE94 /* ASObject.m */; };
		E18CE4591518D7E900C3BE94 /* CocoaAMF.h in Sources */ = {isa = PBXBuildFile; fileRef = E18CE43C1518D7E900C3BE94 /* CocoaAMF.h */; };
		E18CE45A1518D7E900C3BE94 /* FlexDataTypes.h in Sources */ = {isa = PBXBuildFile; fileRef = E18CE43D1518D7E900C3BE94 /* FlexDataTypes.h */; };
		E18CE45B1518D7E900C3BE94 /* FlexDataTypes.m in Sources */ = {isa = PBXBuildFile; fileRef = E18CE43E1518D7E900C3BE94 /* FlexDataTypes.m */; };
		E18CE45C1518D7E900C3BE94 /* NSInvocation-AMFExtensions.h in Sources */ = {isa = PBXBuildFile; fileRef = E18CE43F1518D7E900C3BE94 /* NSInvocation-AMFExtensions.h */; };
		E18CE45D1518D7E900C3BE94 /* NSInvocation-AMFExtensions.m in Sources */ = {isa = PBXBuildFile; fileRef = E18CE4401518D7E900C3BE94 /* NSInvocation-AMFExtensions.m */; };
		E18CE45E1518D7E900C3BE94 /* NSObject-AMFExtensions.h in Sources */ = {isa = PBXBuildFile; fileRef = E18CE4411518D7E900C3BE94 /* NSObject-AMFExtensions.h */; };
		E18CE45F1518D7E900C3BE94 /* NSObject-AMFExtensions.m in Sources */ = {isa = PBXBuildFile; fileRef = E18CE4421518D7E900C3BE94 /* NSObject-AMFExtensions.m */; };
		E18CE4601518D7E900C3BE94 /* NSObject-iPhoneExtensions.h in Sources */ = {isa = PBXBuildFile; fileRef = E18CE4431518D7E900C3BE94 /* NSObject-iPhoneExtensions.h */; };
		E18CE4611518D7E900C3BE94 /* NSObject-iPhoneExtensions.m in Sources */ = {isa = PBXBuildFile; fileRef = E18CE4441518D7E900C3BE94 /* NSObject-iPhoneExtensions.m */; };
		E18CE4621518D7E900C3BE94 /* SODeserializer.h in Sources */ = {isa = PBXBuildFile; fileRef = E18CE4451518D7E900C3BE94 /* SODeserializer.h */; };
		E18CE4631518D7E900C3BE94 /* SODeserializer.m in Sources */ = {isa = PBXBuildFile; fileRef = E18CE4461518D7E900C3BE94 /* SODeserializer.m */; };
		E18CE4651518D8E000C3BE94 /* cocoa-amf-Prefix.pch in Headers */ = {isa = PBXBuildFile; fileRef = E18CE4641518D8E000C3BE94 /* cocoa-amf-Prefix.pch */; };
		E18CE46C1518DB3400C3BE94 /* AsyncSocket.h in Headers */ = {isa = PBXBuildFile; fileRef = E18CE4691518DB3400C3BE94 /* AsyncSocket.h */; };
		E18CE46D1518DB3400C3BE94 /* AsyncSocket.m in Sources */ = {isa = PBXBuildFile; fileRef = E18CE46A1518DB3400C3BE94 /* AsyncSocket.m */; };
/* End PBXBuildFile section */

/* Begin PBXFileReference section */
		E118C9831833BCC200C97E9D /* GDSAbstractEvent.h */ = {isa = PBXFileReference; fileEncoding = 4; lastKnownFileType = sourcecode.c.h; name = GDSAbstractEvent.h; path = CocoaAMF/GDSAbstractEvent.h; sourceTree = "<group>"; };
		E118C9841833BCC200C97E9D /* GDSAbstractEvent.m */ = {isa = PBXFileReference; fileEncoding = 4; lastKnownFileType = sourcecode.c.objc; name = GDSAbstractEvent.m; path = CocoaAMF/GDSAbstractEvent.m; sourceTree = "<group>"; };
		E118C9851833BCC200C97E9D /* GDSAsyncResponder.h */ = {isa = PBXFileReference; fileEncoding = 4; lastKnownFileType = sourcecode.c.h; name = GDSAsyncResponder.h; path = CocoaAMF/GDSAsyncResponder.h; sourceTree = "<group>"; };
		E118C9861833BCC200C97E9D /* GDSAsyncResponder.m */ = {isa = PBXFileReference; fileEncoding = 4; lastKnownFileType = sourcecode.c.objc; name = GDSAsyncResponder.m; path = CocoaAMF/GDSAsyncResponder.m; sourceTree = "<group>"; };
		E118C9871833BCC200C97E9D /* GDSAsyncToken.h */ = {isa = PBXFileReference; fileEncoding = 4; lastKnownFileType = sourcecode.c.h; name = GDSAsyncToken.h; path = CocoaAMF/GDSAsyncToken.h; sourceTree = "<group>"; };
		E118C9881833BCC200C97E9D /* GDSAsyncToken.m */ = {isa = PBXFileReference; fileEncoding = 4; lastKnownFileType = sourcecode.c.objc; name = GDSAsyncToken.m; path = CocoaAMF/GDSAsyncToken.m; sourceTree = "<group>"; };
		E118C9891833BCC200C97E9D /* GDSChannel.h */ = {isa = PBXFileReference; fileEncoding = 4; lastKnownFileType = sourcecode.c.h; name = GDSChannel.h; path = CocoaAMF/GDSChannel.h; sourceTree = "<group>"; };
		E118C98A1833BCC200C97E9D /* GDSChannel.m */ = {isa = PBXFileReference; fileEncoding = 4; lastKnownFileType = sourcecode.c.objc; name = GDSChannel.m; path = CocoaAMF/GDSChannel.m; sourceTree = "<group>"; };
		E118C98B1833BCC200C97E9D /* GDSChannelNotification.h */ = {isa = PBXFileReference; fileEncoding = 4; lastKnownFileType = sourcecode.c.h; name = GDSChannelNotification.h; path = CocoaAMF/GDSChannelNotification.h; sourceTree = "<group>"; };
		E118C98C1833BCC200C97E9D /* GDSChannelNotification.m */ = {isa = PBXFileReference; fileEncoding = 4; lastKnownFileType = sourcecode.c.objc; name = GDSChannelNotification.m; path = CocoaAMF/GDSChannelNotification.m; sourceTree = "<group>"; };
		E118C98D1833BCC200C97E9D /* GDSConfiguration.h */ = {isa = PBXFileReference; fileEncoding = 4; lastKnownFileType = sourcecode.c.h; name = GDSConfiguration.h; path = CocoaAMF/GDSConfiguration.h; sourceTree = "<group>"; };
		E118C98E1833BCC200C97E9D /* GDSConfiguration.m */ = {isa = PBXFileReference; fileEncoding = 4; lastKnownFileType = sourcecode.c.objc; name = GDSConfiguration.m; path = CocoaAMF/GDSConfiguration.m; sourceTree = "<group>"; };
		E118C98F1833BCC200C97E9D /* GDSFaultEvent.h */ = {isa = PBXFileReference; fileEncoding = 4; lastKnownFileType = sourcecode.c.h; name = GDSFaultEvent.h; path = CocoaAMF/GDSFaultEvent.h; sourceTree = "<group>"; };
		E118C9901833BCC200C97E9D /* GDSFaultEvent.m */ = {isa = PBXFileReference; fileEncoding = 4; lastKnownFileType = sourcecode.c.objc; name = GDSFaultEvent.m; path = CocoaAMF/GDSFaultEvent.m; sourceTree = "<group>"; };
		E118C9911833BCC200C97E9D /* GDSPersistence.h */ = {isa = PBXFileReference; fileEncoding = 4; lastKnownFileType = sourcecode.c.h; name = GDSPersistence.h; path = CocoaAMF/GDSPersistence.h; sourceTree = "<group>"; };
		E118C9921833BCC200C97E9D /* GDSPersistence.m */ = {isa = PBXFileReference; fileEncoding = 4; lastKnownFileType = sourcecode.c.objc; name = GDSPersistence.m; path = CocoaAMF/GDSPersistence.m; sourceTree = "<group>"; };
		E118C9931833BCC200C97E9D /* GDSRemoteObject.h */ = {isa = PBXFileReference; fileEncoding = 4; lastKnownFileType = sourcecode.c.h; name = GDSRemoteObject.h; path = CocoaAMF/GDSRemoteObject.h; sourceTree = "<group>"; };
		E118C9941833BCC200C97E9D /* GDSRemoteObject.m */ = {isa = PBXFileReference; fileEncoding = 4; lastKnownFileType = sourcecode.c.objc; name = GDSRemoteObject.m; path = CocoaAMF/GDSRemoteObject.m; sourceTree = "<group>"; };
		E118C9951833BCC200C97E9D /* GDSRemoteProtocols.h */ = {isa = PBXFileReference; fileEncoding = 4; lastKnownFileType = sourcecode.c.h; name = GDSRemoteProtocols.h; path = CocoaAMF/GDSRemoteProtocols.h; sourceTree = "<group>"; };
		E118C9961833BCC200C97E9D /* GDSResultEvent.h */ = {isa = PBXFileReference; fileEncoding = 4; lastKnownFileType = sourcecode.c.h; name = GDSResultEvent.h; path = CocoaAMF/GDSResultEvent.h; sourceTree = "<group>"; };
		E118C9971833BCC200C97E9D /* GDSResultEvent.m */ = {isa = PBXFileReference; fileEncoding = 4; lastKnownFileType = sourcecode.c.objc; name = GDSResultEvent.m; path = CocoaAMF/GDSResultEvent.m; sourceTree = "<group>"; };
		E118C9981833BCC200C97E9D /* GDSUtil.h */ = {isa = PBXFileReference; fileEncoding = 4; lastKnownFileType = sourcecode.c.h; name = GDSUtil.h; path = CocoaAMF/GDSUtil.h; sourceTree = "<group>"; };
		E118C9991833BCC200C97E9D /* GDSUtil.m */ = {isa = PBXFileReference; fileEncoding = 4; lastKnownFileType = sourcecode.c.objc; name = GDSUtil.m; path = CocoaAMF/GDSUtil.m; sourceTree = "<group>"; };
		E118C99A1833BCC200C97E9D /* GDSXAMFRequest.h */ = {isa = PBXFileReference; fileEncoding = 4; lastKnownFileType = sourcecode.c.h; name = GDSXAMFRequest.h; path = CocoaAMF/GDSXAMFRequest.h; sourceTree = "<group>"; };
		E118C99B1833BCC200C97E9D /* GDSXAMFRequest.m */ = {isa = PBXFileReference; fileEncoding = 4; lastKnownFileType = sourcecode.c.objc; name = GDSXAMFRequest.m; path = CocoaAMF/GDSXAMFRequest.m; sourceTree = "<group>"; };
		E118C99C1833BCC200C97E9D /* GraniteDS.h */ = {isa = PBXFileReference; fileEncoding = 4; lastKnownFileType = sourcecode.c.h; name = GraniteDS.h; path = CocoaAMF/GraniteDS.h; sourceTree = "<group>"; };
		E18CE3FE1518D54700C3BE94 /* libcocoa-amf.a */ = {isa = PBXFileReference; explicitFileType = archive.ar; includeInIndex = 0; path = "libcocoa-amf.a"; sourceTree = BUILT_PRODUCTS_DIR; };
		E18CE4011518D54700C3BE94 /* Foundation.framework */ = {isa = PBXFileReference; lastKnownFileType = wrapper.framework; name = Foundation.framework; path = System/Library/Frameworks/Foundation.framework; sourceTree = SDKROOT; };
		E18CE42A1518D7E900C3BE94 /* AMF.h */ = {isa = PBXFileReference; lastKnownFileType = sourcecode.c.h; name = AMF.h; path = CocoaAMF/AMF.h; sourceTree = "<group>"; };
		E18CE42B1518D7E900C3BE94 /* AMF.m */ = {isa = PBXFileReference; lastKnownFileType = sourcecode.c.objc; name = AMF.m; path = CocoaAMF/AMF.m; sourceTree = "<group>"; };
		E18CE42C1518D7E900C3BE94 /* AMFActionMessage.h */ = {isa = PBXFileReference; lastKnownFileType = sourcecode.c.h; name = AMFActionMessage.h; path = CocoaAMF/AMFActionMessage.h; sourceTree = "<group>"; };
		E18CE42D1518D7E900C3BE94 /* AMFActionMessage.m */ = {isa = PBXFileReference; lastKnownFileType = sourcecode.c.objc; name = AMFActionMessage.m; path = CocoaAMF/AMFActionMessage.m; sourceTree = "<group>"; };
		E18CE42E1518D7E900C3BE94 /* AMFArchiver.h */ = {isa = PBXFileReference; lastKnownFileType = sourcecode.c.h; name = AMFArchiver.h; path = CocoaAMF/AMFArchiver.h; sourceTree = "<group>"; };
		E18CE42F1518D7E900C3BE94 /* AMFArchiver.m */ = {isa = PBXFileReference; lastKnownFileType = sourcecode.c.objc; name = AMFArchiver.m; path = CocoaAMF/AMFArchiver.m; sourceTree = "<group>"; };
		E18CE4301518D7E900C3BE94 /* AMFDebugUnarchiver.h */ = {isa = PBXFileReference; lastKnownFileType = sourcecode.c.h; name = AMFDebugUnarchiver.h; path = CocoaAMF/AMFDebugUnarchiver.h; sourceTree = "<group>"; };
		E18CE4311518D7E900C3BE94 /* AMFDebugUnarchiver.m */ = {isa = PBXFileReference; lastKnownFileType = sourcecode.c.objc; name = AMFDebugUnarchiver.m; path = CocoaAMF/AMFDebugUnarchiver.m; sourceTree = "<group>"; };
		E18CE4321518D7E900C3BE94 /* AMFDuplexGateway.h */ = {isa = PBXFileReference; lastKnownFileType = sourcecode.c.h; name = AMFDuplexGateway.h; path = CocoaAMF/AMFDuplexGateway.h; sourceTree = "<group>"; };
		E18CE4331518D7E900C3BE94 /* AMFDuplexGateway.m */ = {isa = PBXFileReference; lastKnownFileType = sourcecode.c.objc; name = AMFDuplexGateway.m; path = CocoaAMF/AMFDuplexGateway.m; sourceTree = "<group>"; };
		E18CE4341518D7E900C3BE94 /* AMFGateway.h */ = {isa = PBXFileReference; lastKnownFileType = sourcecode.c.h; name = AMFGateway.h; path = CocoaAMF/AMFGateway.h; sourceTree = "<group>"; };
		E18CE4351518D7E900C3BE94 /* AMFGateway.m */ = {isa = PBXFileReference; lastKnownFileType = sourcecode.c.objc; name = AMFGateway.m; path = CocoaAMF/AMFGateway.m; sourceTree = "<group>"; };
		E18CE4361518D7E900C3BE94 /* AMFRemotingCall.h */ = {isa = PBXFileReference; lastKnownFileType = sourcecode.c.h; name = AMFRemotingCall.h; path = CocoaAMF/AMFRemotingCall.h; sourceTree = "<group>"; };
		E18CE4371518D7E900C3BE94 /* AMFRemotingCall.m */ = {isa = PBXFileReference; lastKnownFileType = sourcecode.c.objc; name = AMFRemotingCall.m; path = CocoaAMF/AMFRemotingCall.m; sourceTree = "<group>"; };
		E18CE4381518D7E900C3BE94 /* AMFUnarchiver.h */ = {isa = PBXFileReference; lastKnownFileType = sourcecode.c.h; name = AMFUnarchiver.h; path = CocoaAMF/AMFUnarchiver.h; sourceTree = "<group>"; };
		E18CE4391518D7E900C3BE94 /* AMFUnarchiver.m */ = {isa = PBXFileReference; lastKnownFileType = sourcecode.c.objc; name = AMFUnarchiver.m; path = CocoaAMF/AMFUnarchiver.m; sourceTree = "<group>"; };
		E18CE43A1518D7E900C3BE94 /* ASObject.h */ = {isa = PBXFileReference; lastKnownFileType = sourcecode.c.h; name = ASObject.h; path = CocoaAMF/ASObject.h; sourceTree = "<group>"; };
		E18CE43B1518D7E900C3BE94 /* ASObject.m */ = {isa = PBXFileReference; lastKnownFileType = sourcecode.c.objc; name = ASObject.m; path = CocoaAMF/ASObject.m; sourceTree = "<group>"; };
		E18CE43C1518D7E900C3BE94 /* CocoaAMF.h */ = {isa = PBXFileReference; lastKnownFileType = sourcecode.c.h; name = CocoaAMF.h; path = CocoaAMF/CocoaAMF.h; sourceTree = "<group>"; };
		E18CE43D1518D7E900C3BE94 /* FlexDataTypes.h */ = {isa = PBXFileReference; lastKnownFileType = sourcecode.c.h; name = FlexDataTypes.h; path = CocoaAMF/FlexDataTypes.h; sourceTree = "<group>"; };
		E18CE43E1518D7E900C3BE94 /* FlexDataTypes.m */ = {isa = PBXFileReference; lastKnownFileType = sourcecode.c.objc; name = FlexDataTypes.m; path = CocoaAMF/FlexDataTypes.m; sourceTree = "<group>"; };
		E18CE43F1518D7E900C3BE94 /* NSInvocation-AMFExtensions.h */ = {isa = PBXFileReference; lastKnownFileType = sourcecode.c.h; name = "NSInvocation-AMFExtensions.h"; path = "CocoaAMF/NSInvocation-AMFExtensions.h"; sourceTree = "<group>"; };
		E18CE4401518D7E900C3BE94 /* NSInvocation-AMFExtensions.m */ = {isa = PBXFileReference; lastKnownFileType = sourcecode.c.objc; name = "NSInvocation-AMFExtensions.m"; path = "CocoaAMF/NSInvocation-AMFExtensions.m"; sourceTree = "<group>"; };
		E18CE4411518D7E900C3BE94 /* NSObject-AMFExtensions.h */ = {isa = PBXFileReference; lastKnownFileType = sourcecode.c.h; name = "NSObject-AMFExtensions.h"; path = "CocoaAMF/NSObject-AMFExtensions.h"; sourceTree = "<group>"; };
		E18CE4421518D7E900C3BE94 /* NSObject-AMFExtensions.m */ = {isa = PBXFileReference; lastKnownFileType = sourcecode.c.objc; name = "NSObject-AMFExtensions.m"; path = "CocoaAMF/NSObject-AMFExtensions.m"; sourceTree = "<group>"; };
		E18CE4431518D7E900C3BE94 /* NSObject-iPhoneExtensions.h */ = {isa = PBXFileReference; lastKnownFileType = sourcecode.c.h; name = "NSObject-iPhoneExtensions.h"; path = "CocoaAMF/NSObject-iPhoneExtensions.h"; sourceTree = "<group>"; };
		E18CE4441518D7E900C3BE94 /* NSObject-iPhoneExtensions.m */ = {isa = PBXFileReference; lastKnownFileType = sourcecode.c.objc; name = "NSObject-iPhoneExtensions.m"; path = "CocoaAMF/NSObject-iPhoneExtensions.m"; sourceTree = "<group>"; };
		E18CE4451518D7E900C3BE94 /* SODeserializer.h */ = {isa = PBXFileReference; lastKnownFileType = sourcecode.c.h; name = SODeserializer.h; path = CocoaAMF/SODeserializer.h; sourceTree = "<group>"; };
		E18CE4461518D7E900C3BE94 /* SODeserializer.m */ = {isa = PBXFileReference; lastKnownFileType = sourcecode.c.objc; name = SODeserializer.m; path = CocoaAMF/SODeserializer.m; sourceTree = "<group>"; };
		E18CE4641518D8E000C3BE94 /* cocoa-amf-Prefix.pch */ = {isa = PBXFileReference; fileEncoding = 4; lastKnownFileType = sourcecode.c.h; path = "cocoa-amf-Prefix.pch"; sourceTree = "<group>"; };
		E18CE4681518DB3400C3BE94 /* AsyncSocket Documentation.html */ = {isa = PBXFileReference; fileEncoding = 4; lastKnownFileType = text.html; path = "AsyncSocket Documentation.html"; sourceTree = "<group>"; };
		E18CE4691518DB3400C3BE94 /* AsyncSocket.h */ = {isa = PBXFileReference; fileEncoding = 4; lastKnownFileType = sourcecode.c.h; path = AsyncSocket.h; sourceTree = "<group>"; };
		E18CE46A1518DB3400C3BE94 /* AsyncSocket.m */ = {isa = PBXFileReference; fileEncoding = 4; lastKnownFileType = sourcecode.c.objc; path = AsyncSocket.m; sourceTree = "<group>"; };
		E18CE46B1518DB3400C3BE94 /* changes.txt */ = {isa = PBXFileReference; fileEncoding = 4; lastKnownFileType = text; path = changes.txt; sourceTree = "<group>"; };
/* End PBXFileReference section */

/* Begin PBXFrameworksBuildPhase section */
		E18CE3FB1518D54700C3BE94 /* Frameworks */ = {
			isa = PBXFrameworksBuildPhase;
			buildActionMask = 2147483647;
			files = (
				E18CE4021518D54700C3BE94 /* Foundation.framework in Frameworks */,
			);
			runOnlyForDeploymentPostprocessing = 0;
		};
/* End PBXFrameworksBuildPhase section */

/* Begin PBXGroup section */
		E18CE3F31518D54700C3BE94 = {
			isa = PBXGroup;
			children = (
				E118C9831833BCC200C97E9D /* GDSAbstractEvent.h */,
				E118C9841833BCC200C97E9D /* GDSAbstractEvent.m */,
				E118C9851833BCC200C97E9D /* GDSAsyncResponder.h */,
				E118C9861833BCC200C97E9D /* GDSAsyncResponder.m */,
				E118C9871833BCC200C97E9D /* GDSAsyncToken.h */,
				E118C9881833BCC200C97E9D /* GDSAsyncToken.m */,
				E118C9891833BCC200C97E9D /* GDSChannel.h */,
				E118C98A1833BCC200C97E9D /* GDSChannel.m */,
				E118C98B1833BCC200C97E9D /* GDSChannelNotification.h */,
				E118C98C1833BCC200C97E9D /* GDSChannelNotification.m */,
				E118C98D1833BCC200C97E9D /* GDSConfiguration.h */,
				E118C98E1833BCC200C97E9D /* GDSConfiguration.m */,
				E118C98F1833BCC200C97E9D /* GDSFaultEvent.h */,
				E118C9901833BCC200C97E9D /* GDSFaultEvent.m */,
				E118C9911833BCC200C97E9D /* GDSPersistence.h */,
				E118C9921833BCC200C97E9D /* GDSPersistence.m */,
				E118C9931833BCC200C97E9D /* GDSRemoteObject.h */,
				E118C9941833BCC200C97E9D /* GDSRemoteObject.m */,
				E118C9951833BCC200C97E9D /* GDSRemoteProtocols.h */,
				E118C9961833BCC200C97E9D /* GDSResultEvent.h */,
				E118C9971833BCC200C97E9D /* GDSResultEvent.m */,
				E118C9981833BCC200C97E9D /* GDSUtil.h */,
				E118C9991833BCC200C97E9D /* GDSUtil.m */,
				E118C99A1833BCC200C97E9D /* GDSXAMFRequest.h */,
				E118C99B1833BCC200C97E9D /* GDSXAMFRequest.m */,
				E118C99C1833BCC200C97E9D /* GraniteDS.h */,
				E18CE4671518DB3400C3BE94 /* CocoaAsyncSocket */,
				E18CE4641518D8E000C3BE94 /* cocoa-amf-Prefix.pch */,
				E18CE42A1518D7E900C3BE94 /* AMF.h */,
				E18CE42B1518D7E900C3BE94 /* AMF.m */,
				E18CE42C1518D7E900C3BE94 /* AMFActionMessage.h */,
				E18CE42D1518D7E900C3BE94 /* AMFActionMessage.m */,
				E18CE42E1518D7E900C3BE94 /* AMFArchiver.h */,
				E18CE42F1518D7E900C3BE94 /* AMFArchiver.m */,
				E18CE4301518D7E900C3BE94 /* AMFDebugUnarchiver.h */,
				E18CE4311518D7E900C3BE94 /* AMFDebugUnarchiver.m */,
				E18CE4321518D7E900C3BE94 /* AMFDuplexGateway.h */,
				E18CE4331518D7E900C3BE94 /* AMFDuplexGateway.m */,
				E18CE4341518D7E900C3BE94 /* AMFGateway.h */,
				E18CE4351518D7E900C3BE94 /* AMFGateway.m */,
				E18CE4361518D7E900C3BE94 /* AMFRemotingCall.h */,
				E18CE4371518D7E900C3BE94 /* AMFRemotingCall.m */,
				E18CE4381518D7E900C3BE94 /* AMFUnarchiver.h */,
				E18CE4391518D7E900C3BE94 /* AMFUnarchiver.m */,
				E18CE43A1518D7E900C3BE94 /* ASObject.h */,
				E18CE43B1518D7E900C3BE94 /* ASObject.m */,
				E18CE43C1518D7E900C3BE94 /* CocoaAMF.h */,
				E18CE43D1518D7E900C3BE94 /* FlexDataTypes.h */,
				E18CE43E1518D7E900C3BE94 /* FlexDataTypes.m */,
				E18CE43F1518D7E900C3BE94 /* NSInvocation-AMFExtensions.h */,
				E18CE4401518D7E900C3BE94 /* NSInvocation-AMFExtensions.m */,
				E18CE4411518D7E900C3BE94 /* NSObject-AMFExtensions.h */,
				E18CE4421518D7E900C3BE94 /* NSObject-AMFExtensions.m */,
				E18CE4431518D7E900C3BE94 /* NSObject-iPhoneExtensions.h */,
				E18CE4441518D7E900C3BE94 /* NSObject-iPhoneExtensions.m */,
				E18CE4451518D7E900C3BE94 /* SODeserializer.h */,
				E18CE4461518D7E900C3BE94 /* SODeserializer.m */,
				E18CE4001518D54700C3BE94 /* Frameworks */,
				E18CE3FF1518D54700C3BE94 /* Products */,
			);
			sourceTree = "<group>";
		};
		E18CE3FF1518D54700C3BE94 /* Products */ = {
			isa = PBXGroup;
			children = (
				E18CE3FE1518D54700C3BE94 /* libcocoa-amf.a */,
			);
			name = Products;
			sourceTree = "<group>";
		};
		E18CE4001518D54700C3BE94 /* Frameworks */ = {
			isa = PBXGroup;
			children = (
				E18CE4011518D54700C3BE94 /* Foundation.framework */,
			);
			name = Frameworks;
			sourceTree = "<group>";
		};
		E18CE4671518DB3400C3BE94 /* CocoaAsyncSocket */ = {
			isa = PBXGroup;
			children = (
				E18CE4681518DB3400C3BE94 /* AsyncSocket Documentation.html */,
				E18CE4691518DB3400C3BE94 /* AsyncSocket.h */,
				E18CE46A1518DB3400C3BE94 /* AsyncSocket.m */,
				E18CE46B1518DB3400C3BE94 /* changes.txt */,
			);
			name = CocoaAsyncSocket;
			path = Libraries/CocoaAsyncSocket;
			sourceTree = "<group>";
		};
/* End PBXGroup section */

/* Begin PBXHeadersBuildPhase section */
		E18CE3FC1518D54700C3BE94 /* Headers */ = {
			isa = PBXHeadersBuildPhase;
			buildActionMask = 2147483647;
			files = (
				E118C99D1833BCC200C97E9D /* GDSAbstractEvent.h in Headers */,
				E118C9AD1833BCC200C97E9D /* GDSRemoteObject.h in Headers */,
				E118C9B61833BCC200C97E9D /* GraniteDS.h in Headers */,
				E18CE4651518D8E000C3BE94 /* cocoa-amf-Prefix.pch in Headers */,
				E118C9B21833BCC200C97E9D /* GDSUtil.h in Headers */,
				E18CE46C1518DB3400C3BE94 /* AsyncSocket.h in Headers */,
				E118C9B01833BCC200C97E9D /* GDSResultEvent.h in Headers */,
				E118C9A11833BCC200C97E9D /* GDSAsyncToken.h in Headers */,
				E118C9A51833BCC200C97E9D /* GDSChannelNotification.h in Headers */,
				E118C9AB1833BCC200C97E9D /* GDSPersistence.h in Headers */,
				E118C99F1833BCC200C97E9D /* GDSAsyncResponder.h in Headers */,
				E118C9B41833BCC200C97E9D /* GDSXAMFRequest.h in Headers */,
				E118C9A71833BCC200C97E9D /* GDSConfiguration.h in Headers */,
				E118C9AF1833BCC200C97E9D /* GDSRemoteProtocols.h in Headers */,
				E118C9A91833BCC200C97E9D /* GDSFaultEvent.h in Headers */,
				E118C9A31833BCC200C97E9D /* GDSChannel.h in Headers */,
			);
			runOnlyForDeploymentPostprocessing = 0;
		};
/* End PBXHeadersBuildPhase section */

/* Begin PBXNativeTarget section */
		E18CE3FD1518D54700C3BE94 /* cocoa-amf */ = {
			isa = PBXNativeTarget;
			buildConfigurationList = E18CE40B1518D54700C3BE94 /* Build configuration list for PBXNativeTarget "cocoa-amf" */;
			buildPhases = (
				E18CE3FA1518D54700C3BE94 /* Sources */,
				E18CE3FB1518D54700C3BE94 /* Frameworks */,
				E18CE3FC1518D54700C3BE94 /* Headers */,
			);
			buildRules = (
			);
			dependencies = (
			);
			name = "cocoa-amf";
			productName = "cocoa-amf";
			productReference = E18CE3FE1518D54700C3BE94 /* libcocoa-amf.a */;
			productType = "com.apple.product-type.library.static";
		};
/* End PBXNativeTarget section */

/* Begin PBXProject section */
		E18CE3F51518D54700C3BE94 /* Project object */ = {
			isa = PBXProject;
			attributes = {
				LastUpgradeCheck = 0430;
				ORGANIZATIONNAME = Nirima;
			};
			buildConfigurationList = E18CE3F81518D54700C3BE94 /* Build configuration list for PBXProject "cocoa-amf" */;
			compatibilityVersion = "Xcode 3.2";
			developmentRegion = English;
			hasScannedForEncodings = 0;
			knownRegions = (
				en,
			);
			mainGroup = E18CE3F31518D54700C3BE94;
			productRefGroup = E18CE3FF1518D54700C3BE94 /* Products */;
			projectDirPath = "";
			projectRoot = "";
			targets = (
				E18CE3FD1518D54700C3BE94 /* cocoa-amf */,
			);
		};
/* End PBXProject section */

/* Begin PBXSourcesBuildPhase section */
		E18CE3FA1518D54700C3BE94 /* Sources */ = {
			isa = PBXSourcesBuildPhase;
			buildActionMask = 2147483647;
			files = (
				E18CE4471518D7E900C3BE94 /* AMF.h in Sources */,
				E18CE4481518D7E900C3BE94 /* AMF.m in Sources */,
				E118C9B51833BCC200C97E9D /* GDSXAMFRequest.m in Sources */,
				E118C9B31833BCC200C97E9D /* GDSUtil.m in Sources */,
				E118C9AC1833BCC200C97E9D /* GDSPersistence.m in Sources */,
				E18CE4491518D7E900C3BE94 /* AMFActionMessage.h in Sources */,
				E118C9A21833BCC200C97E9D /* GDSAsyncToken.m in Sources */,
				E118C9AA1833BCC200C97E9D /* GDSFaultEvent.m in Sources */,
				E18CE44A1518D7E900C3BE94 /* AMFActionMessage.m in Sources */,
				E18CE44B1518D7E900C3BE94 /* AMFArchiver.h in Sources */,
				E18CE44C1518D7E900C3BE94 /* AMFArchiver.m in Sources */,
				E118C9A81833BCC200C97E9D /* GDSConfiguration.m in Sources */,
				E18CE44D1518D7E900C3BE94 /* AMFDebugUnarchiver.h in Sources */,
				E18CE44E1518D7E900C3BE94 /* AMFDebugUnarchiver.m in Sources */,
				E18CE44F1518D7E900C3BE94 /* AMFDuplexGateway.h in Sources */,
				E18CE4501518D7E900C3BE94 /* AMFDuplexGateway.m in Sources */,
				E18CE4511518D7E900C3BE94 /* AMFGateway.h in Sources */,
				E18CE4521518D7E900C3BE94 /* AMFGateway.m in Sources */,
				E18CE4531518D7E900C3BE94 /* AMFRemotingCall.h in Sources */,
				E118C9A61833BCC200C97E9D /* GDSChannelNotification.m in Sources */,
				E118C9B11833BCC200C97E9D /* GDSResultEvent.m in Sources */,
				E18CE4541518D7E900C3BE94 /* AMFRemotingCall.m in Sources */,
				E18CE4551518D7E900C3BE94 /* AMFUnarchiver.h in Sources */,
				E18CE4561518D7E900C3BE94 /* AMFUnarchiver.m in Sources */,
				E18CE4571518D7E900C3BE94 /* ASObject.h in Sources */,
				E18CE4581518D7E900C3BE94 /* ASObject.m in Sources */,
				E18CE4591518D7E900C3BE94 /* CocoaAMF.h in Sources */,
				E118C9A41833BCC200C97E9D /* GDSChannel.m in Sources */,
				E118C99E1833BCC200C97E9D /* GDSAbstractEvent.m in Sources */,
				E118C9AE1833BCC200C97E9D /* GDSRemoteObject.m in Sources */,
				E18CE45A1518D7E900C3BE94 /* FlexDataTypes.h in Sources */,
				E18CE45B1518D7E900C3BE94 /* FlexDataTypes.m in Sources */,
				E18CE45C1518D7E900C3BE94 /* NSInvocation-AMFExtensions.h in Sources */,
				E18CE45D1518D7E900C3BE94 /* NSInvocation-AMFExtensions.m in Sources */,
				E18CE45E1518D7E900C3BE94 /* NSObject-AMFExtensions.h in Sources */,
				E18CE45F1518D7E900C3BE94 /* NSObject-AMFExtensions.m in Sources */,
				E18CE4601518D7E900C3BE94 /* NSObject-iPhoneExtensions.h in Sources */,
				E18CE4611518D7E900C3BE94 /* NSObject-iPhoneExtensions.m in Sources */,
				E118C9A01833BCC200C97E9D /* GDSAsyncResponder.m in Sources */,
				E18CE4621518D7E900C3BE94 /* SODeserializer.h in Sources */,
				E18CE4631518D7E900C3BE94 /* SODeserializer.m in Sources */,
				E18CE46D1518DB3400C3BE94 /* AsyncSocket.m in Sources */,
			);
			runOnlyForDeploymentPostprocessing = 0;
		};
/* End PBXSourcesBuildPhase section */

/* Begin XCBuildConfiguration section */
		E18CE4091518D54700C3BE94 /* Debug */ = {
			isa = XCBuildConfiguration;
			buildSettings = {
				ALWAYS_SEARCH_USER_PATHS = NO;
				ARCHS = "$(ARCHS_STANDARD_32_BIT)";
				CLANG_ENABLE_OBJC_ARC = NO;
				COPY_PHASE_STRIP = NO;
				GCC_C_LANGUAGE_STANDARD = gnu99;
				GCC_DYNAMIC_NO_PIC = NO;
				GCC_OPTIMIZATION_LEVEL = 0;
				GCC_PREPROCESSOR_DEFINITIONS = (
					"DEBUG=1",
					"$(inherited)",
				);
				GCC_SYMBOLS_PRIVATE_EXTERN = NO;
				GCC_VERSION = com.apple.compilers.llvm.clang.1_0;
				GCC_WARN_ABOUT_RETURN_TYPE = YES;
				GCC_WARN_UNINITIALIZED_AUTOS = YES;
				GCC_WARN_UNUSED_VARIABLE = YES;
				IPHONEOS_DEPLOYMENT_TARGET = 5.1;
				SDKROOT = iphoneos;
			};
			name = Debug;
		};
		E18CE40A1518D54700C3BE94 /* Release */ = {
			isa = XCBuildConfiguration;
			buildSettings = {
				ALWAYS_SEARCH_USER_PATHS = NO;
				ARCHS = "$(ARCHS_STANDARD_32_BIT)";
				CLANG_ENABLE_OBJC_ARC = NO;
				COPY_PHASE_STRIP = YES;
				GCC_C_LANGUAGE_STANDARD = gnu99;
				GCC_VERSION = com.apple.compilers.llvm.clang.1_0;
				GCC_WARN_ABOUT_RETURN_TYPE = YES;
				GCC_WARN_UNINITIALIZED_AUTOS = YES;
				GCC_WARN_UNUSED_VARIABLE = YES;
				IPHONEOS_DEPLOYMENT_TARGET = 5.1;
				SDKROOT = iphoneos;
				VALIDATE_PRODUCT = YES;
			};
			name = Release;
		};
		E18CE40C1518D54700C3BE94 /* Debug */ = {
			isa = XCBuildConfiguration;
			buildSettings = {
				DSTROOT = /tmp/cocoa_amf.dst;
				GCC_PRECOMPILE_PREFIX_HEADER = YES;
				GCC_PREFIX_HEADER = "cocoa-amf-Prefix.pch";
				OTHER_LDFLAGS = "-ObjC";
				PRODUCT_NAME = "$(TARGET_NAME)";
				SKIP_INSTALL = YES;
			};
			name = Debug;
		};
		E18CE40D1518D54700C3BE94 /* Release */ = {
			isa = XCBuildConfiguration;
			buildSettings = {
				DSTROOT = /tmp/cocoa_amf.dst;
				GCC_PRECOMPILE_PREFIX_HEADER = YES;
				GCC_PREFIX_HEADER = "cocoa-amf-Prefix.pch";
				OTHER_LDFLAGS = "-ObjC";
				PRODUCT_NAME = "$(TARGET_NAME)";
				SKIP_INSTALL = YES;
			};
			name = Release;
		};
/* End XCBuildConfiguration section */

/* Begin XCConfigurationList section */
		E18CE3F81518D54700C3BE94 /* Build configuration list for PBXProject "cocoa-amf" */ = {
			isa = XCConfigurationList;
			buildConfigurations = (
				E18CE4091518D54700C3BE94 /* Debug */,
				E18CE40A1518D54700C3BE94 /* Release */,
			);
			defaultConfigurationIsVisible = 0;
			defaultConfigurationName = Release;
		};
		E18CE40B1518D54700C3BE94 /* Build configuration list for PBXNativeTarget "cocoa-amf" */ = {
			isa = XCConfigurationList;
			buildConfigurations = (
				E18CE40C1518D54700C3BE94 /* Debug */,
				E18CE40D1518D54700C3BE94 /* Release */,
			);
			defaultConfigurationIsVisible = 0;
			defaultConfigurationName = Release;
		};
/* End XCConfigurationList section */
	};
	rootObject = E18CE3F51518D54700C3BE94 /* Project object */;
}
